// !$*UTF8*$!
{
	archiveVersion = 1;
	classes = {
	};
	objectVersion = 56;
	objects = {

/* Begin PBXBuildFile section */
		F4A9702D2CFFCC1000BA69AE /* AppDelegate.swift in Sources */ = {isa = PBXBuildFile; fileRef = F4A9702C2CFFCC1000BA69AE /* AppDelegate.swift */; };
		F4A9702F2CFFCC1000BA69AE /* ViewController.swift in Sources */ = {isa = PBXBuildFile; fileRef = F4A9702E2CFFCC1000BA69AE /* ViewController.swift */; };
		F4A970312CFFCC1100BA69AE /* Assets.xcassets in Resources */ = {isa = PBXBuildFile; fileRef = F4A970302CFFCC1100BA69AE /* Assets.xcassets */; };
		F4A970342CFFCC1100BA69AE /* Base in Resources */ = {isa = PBXBuildFile; fileRef = F4A970332CFFCC1100BA69AE /* Base */; };
		F4A9703F2CFFCC1200BA69AE /* Tuffy_TrainerTests.swift in Sources */ = {isa = PBXBuildFile; fileRef = F4A9703E2CFFCC1200BA69AE /* Tuffy_TrainerTests.swift */; };
		F4A970492CFFCC1200BA69AE /* Tuffy_TrainerUITests.swift in Sources */ = {isa = PBXBuildFile; fileRef = F4A970482CFFCC1200BA69AE /* Tuffy_TrainerUITests.swift */; };
		F4A9704B2CFFCC1200BA69AE /* Tuffy_TrainerUITestsLaunchTests.swift in Sources */ = {isa = PBXBuildFile; fileRef = F4A9704A2CFFCC1200BA69AE /* Tuffy_TrainerUITestsLaunchTests.swift */; };
/* End PBXBuildFile section */

/* Begin PBXContainerItemProxy section */
		F4A9703B2CFFCC1200BA69AE /* PBXContainerItemProxy */ = {
			isa = PBXContainerItemProxy;
			containerPortal = F4A970212CFFCC1000BA69AE /* Project object */;
			proxyType = 1;
			remoteGlobalIDString = F4A970282CFFCC1000BA69AE;
			remoteInfo = "Tuffy Trainer";
		};
		F4A970452CFFCC1200BA69AE /* PBXContainerItemProxy */ = {
			isa = PBXContainerItemProxy;
			containerPortal = F4A970212CFFCC1000BA69AE /* Project object */;
			proxyType = 1;
			remoteGlobalIDString = F4A970282CFFCC1000BA69AE;
			remoteInfo = "Tuffy Trainer";
		};
/* End PBXContainerItemProxy section */

/* Begin PBXFileReference section */
		F4A970292CFFCC1000BA69AE /* Tuffy Trainer.app */ = {isa = PBXFileReference; explicitFileType = wrapper.application; includeInIndex = 0; path = "Tuffy Trainer.app"; sourceTree = BUILT_PRODUCTS_DIR; };
		F4A9702C2CFFCC1000BA69AE /* AppDelegate.swift */ = {isa = PBXFileReference; lastKnownFileType = sourcecode.swift; path = AppDelegate.swift; sourceTree = "<group>"; };
		F4A9702E2CFFCC1000BA69AE /* ViewController.swift */ = {isa = PBXFileReference; lastKnownFileType = sourcecode.swift; path = ViewController.swift; sourceTree = "<group>"; };
		F4A970302CFFCC1100BA69AE /* Assets.xcassets */ = {isa = PBXFileReference; lastKnownFileType = folder.assetcatalog; path = Assets.xcassets; sourceTree = "<group>"; };
		F4A970332CFFCC1100BA69AE /* Base */ = {isa = PBXFileReference; lastKnownFileType = file.storyboard; name = Base; path = Base.lproj/Main.storyboard; sourceTree = "<group>"; };
		F4A970352CFFCC1100BA69AE /* Tuffy_Trainer.entitlements */ = {isa = PBXFileReference; lastKnownFileType = text.plist.entitlements; path = Tuffy_Trainer.entitlements; sourceTree = "<group>"; };
		F4A9703A2CFFCC1200BA69AE /* Tuffy TrainerTests.xctest */ = {isa = PBXFileReference; explicitFileType = wrapper.cfbundle; includeInIndex = 0; path = "Tuffy TrainerTests.xctest"; sourceTree = BUILT_PRODUCTS_DIR; };
		F4A9703E2CFFCC1200BA69AE /* Tuffy_TrainerTests.swift */ = {isa = PBXFileReference; lastKnownFileType = sourcecode.swift; path = Tuffy_TrainerTests.swift; sourceTree = "<group>"; };
		F4A970442CFFCC1200BA69AE /* Tuffy TrainerUITests.xctest */ = {isa = PBXFileReference; explicitFileType = wrapper.cfbundle; includeInIndex = 0; path = "Tuffy TrainerUITests.xctest"; sourceTree = BUILT_PRODUCTS_DIR; };
		F4A970482CFFCC1200BA69AE /* Tuffy_TrainerUITests.swift */ = {isa = PBXFileReference; lastKnownFileType = sourcecode.swift; path = Tuffy_TrainerUITests.swift; sourceTree = "<group>"; };
		F4A9704A2CFFCC1200BA69AE /* Tuffy_TrainerUITestsLaunchTests.swift */ = {isa = PBXFileReference; lastKnownFileType = sourcecode.swift; path = Tuffy_TrainerUITestsLaunchTests.swift; sourceTree = "<group>"; };
/* End PBXFileReference section */

/* Begin PBXFrameworksBuildPhase section */
		F4A970262CFFCC1000BA69AE /* Frameworks */ = {
			isa = PBXFrameworksBuildPhase;
			buildActionMask = 2147483647;
			files = (
			);
			runOnlyForDeploymentPostprocessing = 0;
		};
		F4A970372CFFCC1200BA69AE /* Frameworks */ = {
			isa = PBXFrameworksBuildPhase;
			buildActionMask = 2147483647;
			files = (
			);
			runOnlyForDeploymentPostprocessing = 0;
		};
		F4A970412CFFCC1200BA69AE /* Frameworks */ = {
			isa = PBXFrameworksBuildPhase;
			buildActionMask = 2147483647;
			files = (
			);
			runOnlyForDeploymentPostprocessing = 0;
		};
/* End PBXFrameworksBuildPhase section */

/* Begin PBXGroup section */
		F4A970202CFFCC1000BA69AE = {
			isa = PBXGroup;
			children = (
				F4A9702B2CFFCC1000BA69AE /* Tuffy Trainer */,
				F4A9703D2CFFCC1200BA69AE /* Tuffy TrainerTests */,
				F4A970472CFFCC1200BA69AE /* Tuffy TrainerUITests */,
				F4A9702A2CFFCC1000BA69AE /* Products */,
			);
			sourceTree = "<group>";
		};
		F4A9702A2CFFCC1000BA69AE /* Products */ = {
			isa = PBXGroup;
			children = (
				F4A970292CFFCC1000BA69AE /* Tuffy Trainer.app */,
				F4A9703A2CFFCC1200BA69AE /* Tuffy TrainerTests.xctest */,
				F4A970442CFFCC1200BA69AE /* Tuffy TrainerUITests.xctest */,
			);
			name = Products;
			sourceTree = "<group>";
		};
		F4A9702B2CFFCC1000BA69AE /* Tuffy Trainer */ = {
			isa = PBXGroup;
			children = (
				F4A9702C2CFFCC1000BA69AE /* AppDelegate.swift */,
				F4A9702E2CFFCC1000BA69AE /* ViewController.swift */,
				F4A970302CFFCC1100BA69AE /* Assets.xcassets */,
				F4A970322CFFCC1100BA69AE /* Main.storyboard */,
				F4A970352CFFCC1100BA69AE /* Tuffy_Trainer.entitlements */,
			);
			path = "Tuffy Trainer";
			sourceTree = "<group>";
		};
		F4A9703D2CFFCC1200BA69AE /* Tuffy TrainerTests */ = {
			isa = PBXGroup;
			children = (
				F4A9703E2CFFCC1200BA69AE /* Tuffy_TrainerTests.swift */,
			);
			path = "Tuffy TrainerTests";
			sourceTree = "<group>";
		};
		F4A970472CFFCC1200BA69AE /* Tuffy TrainerUITests */ = {
			isa = PBXGroup;
			children = (
				F4A970482CFFCC1200BA69AE /* Tuffy_TrainerUITests.swift */,
				F4A9704A2CFFCC1200BA69AE /* Tuffy_TrainerUITestsLaunchTests.swift */,
			);
			path = "Tuffy TrainerUITests";
			sourceTree = "<group>";
		};
/* End PBXGroup section */

/* Begin PBXNativeTarget section */
		F4A970282CFFCC1000BA69AE /* Tuffy Trainer */ = {
			isa = PBXNativeTarget;
			buildConfigurationList = F4A9704E2CFFCC1200BA69AE /* Build configuration list for PBXNativeTarget "Tuffy Trainer" */;
			buildPhases = (
				F4A970252CFFCC1000BA69AE /* Sources */,
				F4A970262CFFCC1000BA69AE /* Frameworks */,
				F4A970272CFFCC1000BA69AE /* Resources */,
			);
			buildRules = (
			);
			dependencies = (
			);
			name = "Tuffy Trainer";
			productName = "Tuffy Trainer";
			productReference = F4A970292CFFCC1000BA69AE /* Tuffy Trainer.app */;
			productType = "com.apple.product-type.application";
		};
		F4A970392CFFCC1200BA69AE /* Tuffy TrainerTests */ = {
			isa = PBXNativeTarget;
			buildConfigurationList = F4A970512CFFCC1200BA69AE /* Build configuration list for PBXNativeTarget "Tuffy TrainerTests" */;
			buildPhases = (
				F4A970362CFFCC1200BA69AE /* Sources */,
				F4A970372CFFCC1200BA69AE /* Frameworks */,
				F4A970382CFFCC1200BA69AE /* Resources */,
			);
			buildRules = (
			);
			dependencies = (
				F4A9703C2CFFCC1200BA69AE /* PBXTargetDependency */,
			);
			name = "Tuffy TrainerTests";
			productName = "Tuffy TrainerTests";
			productReference = F4A9703A2CFFCC1200BA69AE /* Tuffy TrainerTests.xctest */;
			productType = "com.apple.product-type.bundle.unit-test";
		};
		F4A970432CFFCC1200BA69AE /* Tuffy TrainerUITests */ = {
			isa = PBXNativeTarget;
			buildConfigurationList = F4A970542CFFCC1200BA69AE /* Build configuration list for PBXNativeTarget "Tuffy TrainerUITests" */;
			buildPhases = (
				F4A970402CFFCC1200BA69AE /* Sources */,
				F4A970412CFFCC1200BA69AE /* Frameworks */,
				F4A970422CFFCC1200BA69AE /* Resources */,
			);
			buildRules = (
			);
			dependencies = (
				F4A970462CFFCC1200BA69AE /* PBXTargetDependency */,
			);
			name = "Tuffy TrainerUITests";
			productName = "Tuffy TrainerUITests";
			productReference = F4A970442CFFCC1200BA69AE /* Tuffy TrainerUITests.xctest */;
			productType = "com.apple.product-type.bundle.ui-testing";
		};
/* End PBXNativeTarget section */

/* Begin PBXProject section */
		F4A970212CFFCC1000BA69AE /* Project object */ = {
			isa = PBXProject;
			attributes = {
				BuildIndependentTargetsInParallel = 1;
				LastSwiftUpdateCheck = 1540;
				LastUpgradeCheck = 1540;
				TargetAttributes = {
					F4A970282CFFCC1000BA69AE = {
						CreatedOnToolsVersion = 15.4;
					};
					F4A970392CFFCC1200BA69AE = {
						CreatedOnToolsVersion = 15.4;
						TestTargetID = F4A970282CFFCC1000BA69AE;
					};
					F4A970432CFFCC1200BA69AE = {
						CreatedOnToolsVersion = 15.4;
						TestTargetID = F4A970282CFFCC1000BA69AE;
					};
				};
			};
			buildConfigurationList = F4A970242CFFCC1000BA69AE /* Build configuration list for PBXProject "Tuffy Trainer" */;
			compatibilityVersion = "Xcode 14.0";
			developmentRegion = en;
			hasScannedForEncodings = 0;
			knownRegions = (
				en,
				Base,
			);
			mainGroup = F4A970202CFFCC1000BA69AE;
			productRefGroup = F4A9702A2CFFCC1000BA69AE /* Products */;
			projectDirPath = "";
			projectRoot = "";
			targets = (
				F4A970282CFFCC1000BA69AE /* Tuffy Trainer */,
				F4A970392CFFCC1200BA69AE /* Tuffy TrainerTests */,
				F4A970432CFFCC1200BA69AE /* Tuffy TrainerUITests */,
			);
		};
/* End PBXProject section */

/* Begin PBXResourcesBuildPhase section */
		F4A970272CFFCC1000BA69AE /* Resources */ = {
			isa = PBXResourcesBuildPhase;
			buildActionMask = 2147483647;
			files = (
				F4A970312CFFCC1100BA69AE /* Assets.xcassets in Resources */,
				F4A970342CFFCC1100BA69AE /* Base in Resources */,
			);
			runOnlyForDeploymentPostprocessing = 0;
		};
		F4A970382CFFCC1200BA69AE /* Resources */ = {
			isa = PBXResourcesBuildPhase;
			buildActionMask = 2147483647;
			files = (
			);
			runOnlyForDeploymentPostprocessing = 0;
		};
		F4A970422CFFCC1200BA69AE /* Resources */ = {
			isa = PBXResourcesBuildPhase;
			buildActionMask = 2147483647;
			files = (
			);
			runOnlyForDeploymentPostprocessing = 0;
		};
/* End PBXResourcesBuildPhase section */

/* Begin PBXSourcesBuildPhase section */
		F4A970252CFFCC1000BA69AE /* Sources */ = {
			isa = PBXSourcesBuildPhase;
			buildActionMask = 2147483647;
			files = (
				F4A9702F2CFFCC1000BA69AE /* ViewController.swift in Sources */,
				F4A9702D2CFFCC1000BA69AE /* AppDelegate.swift in Sources */,
			);
			runOnlyForDeploymentPostprocessing = 0;
		};
		F4A970362CFFCC1200BA69AE /* Sources */ = {
			isa = PBXSourcesBuildPhase;
			buildActionMask = 2147483647;
			files = (
				F4A9703F2CFFCC1200BA69AE /* Tuffy_TrainerTests.swift in Sources */,
			);
			runOnlyForDeploymentPostprocessing = 0;
		};
		F4A970402CFFCC1200BA69AE /* Sources */ = {
			isa = PBXSourcesBuildPhase;
			buildActionMask = 2147483647;
			files = (
				F4A970492CFFCC1200BA69AE /* Tuffy_TrainerUITests.swift in Sources */,
				F4A9704B2CFFCC1200BA69AE /* Tuffy_TrainerUITestsLaunchTests.swift in Sources */,
			);
			runOnlyForDeploymentPostprocessing = 0;
		};
/* End PBXSourcesBuildPhase section */

/* Begin PBXTargetDependency section */
		F4A9703C2CFFCC1200BA69AE /* PBXTargetDependency */ = {
			isa = PBXTargetDependency;
			target = F4A970282CFFCC1000BA69AE /* Tuffy Trainer */;
			targetProxy = F4A9703B2CFFCC1200BA69AE /* PBXContainerItemProxy */;
		};
		F4A970462CFFCC1200BA69AE /* PBXTargetDependency */ = {
			isa = PBXTargetDependency;
			target = F4A970282CFFCC1000BA69AE /* Tuffy Trainer */;
			targetProxy = F4A970452CFFCC1200BA69AE /* PBXContainerItemProxy */;
		};
/* End PBXTargetDependency section */

/* Begin PBXVariantGroup section */
		F4A970322CFFCC1100BA69AE /* Main.storyboard */ = {
			isa = PBXVariantGroup;
			children = (
				F4A970332CFFCC1100BA69AE /* Base */,
			);
			name = Main.storyboard;
			sourceTree = "<group>";
		};
/* End PBXVariantGroup section */

/* Begin XCBuildConfiguration section */
		F4A9704C2CFFCC1200BA69AE /* Debug */ = {
			isa = XCBuildConfiguration;
			buildSettings = {
				ALWAYS_SEARCH_USER_PATHS = NO;
				ASSETCATALOG_COMPILER_GENERATE_SWIFT_ASSET_SYMBOL_EXTENSIONS = YES;
				CLANG_ANALYZER_NONNULL = YES;
				CLANG_ANALYZER_NUMBER_OBJECT_CONVERSION = YES_AGGRESSIVE;
				CLANG_CXX_LANGUAGE_STANDARD = "gnu++20";
				CLANG_ENABLE_MODULES = YES;
				CLANG_ENABLE_OBJC_ARC = YES;
				CLANG_ENABLE_OBJC_WEAK = YES;
				CLANG_WARN_BLOCK_CAPTURE_AUTORELEASING = YES;
				CLANG_WARN_BOOL_CONVERSION = YES;
				CLANG_WARN_COMMA = YES;
				CLANG_WARN_CONSTANT_CONVERSION = YES;
				CLANG_WARN_DEPRECATED_OBJC_IMPLEMENTATIONS = YES;
				CLANG_WARN_DIRECT_OBJC_ISA_USAGE = YES_ERROR;
				CLANG_WARN_DOCUMENTATION_COMMENTS = YES;
				CLANG_WARN_EMPTY_BODY = YES;
				CLANG_WARN_ENUM_CONVERSION = YES;
				CLANG_WARN_INFINITE_RECURSION = YES;
				CLANG_WARN_INT_CONVERSION = YES;
				CLANG_WARN_NON_LITERAL_NULL_CONVERSION = YES;
				CLANG_WARN_OBJC_IMPLICIT_RETAIN_SELF = YES;
				CLANG_WARN_OBJC_LITERAL_CONVERSION = YES;
				CLANG_WARN_OBJC_ROOT_CLASS = YES_ERROR;
				CLANG_WARN_QUOTED_INCLUDE_IN_FRAMEWORK_HEADER = YES;
				CLANG_WARN_RANGE_LOOP_ANALYSIS = YES;
				CLANG_WARN_STRICT_PROTOTYPES = YES;
				CLANG_WARN_SUSPICIOUS_MOVE = YES;
				CLANG_WARN_UNGUARDED_AVAILABILITY = YES_AGGRESSIVE;
				CLANG_WARN_UNREACHABLE_CODE = YES;
				CLANG_WARN__DUPLICATE_METHOD_MATCH = YES;
				COPY_PHASE_STRIP = NO;
				DEBUG_INFORMATION_FORMAT = dwarf;
				ENABLE_STRICT_OBJC_MSGSEND = YES;
				ENABLE_TESTABILITY = YES;
				ENABLE_USER_SCRIPT_SANDBOXING = YES;
				GCC_C_LANGUAGE_STANDARD = gnu17;
				GCC_DYNAMIC_NO_PIC = NO;
				GCC_NO_COMMON_BLOCKS = YES;
				GCC_OPTIMIZATION_LEVEL = 0;
				GCC_PREPROCESSOR_DEFINITIONS = (
					"DEBUG=1",
					"$(inherited)",
				);
				GCC_WARN_64_TO_32_BIT_CONVERSION = YES;
				GCC_WARN_ABOUT_RETURN_TYPE = YES_ERROR;
				GCC_WARN_UNDECLARED_SELECTOR = YES;
				GCC_WARN_UNINITIALIZED_AUTOS = YES_AGGRESSIVE;
				GCC_WARN_UNUSED_FUNCTION = YES;
				GCC_WARN_UNUSED_VARIABLE = YES;
				LOCALIZATION_PREFERS_STRING_CATALOGS = YES;
				MACOSX_DEPLOYMENT_TARGET = 14.5;
				MTL_ENABLE_DEBUG_INFO = INCLUDE_SOURCE;
				MTL_FAST_MATH = YES;
				ONLY_ACTIVE_ARCH = YES;
				SDKROOT = macosx;
				SWIFT_ACTIVE_COMPILATION_CONDITIONS = "DEBUG $(inherited)";
				SWIFT_OPTIMIZATION_LEVEL = "-Onone";
			};
			name = Debug;
		};
		F4A9704D2CFFCC1200BA69AE /* Release */ = {
			isa = XCBuildConfiguration;
			buildSettings = {
				ALWAYS_SEARCH_USER_PATHS = NO;
				ASSETCATALOG_COMPILER_GENERATE_SWIFT_ASSET_SYMBOL_EXTENSIONS = YES;
				CLANG_ANALYZER_NONNULL = YES;
				CLANG_ANALYZER_NUMBER_OBJECT_CONVERSION = YES_AGGRESSIVE;
				CLANG_CXX_LANGUAGE_STANDARD = "gnu++20";
				CLANG_ENABLE_MODULES = YES;
				CLANG_ENABLE_OBJC_ARC = YES;
				CLANG_ENABLE_OBJC_WEAK = YES;
				CLANG_WARN_BLOCK_CAPTURE_AUTORELEASING = YES;
				CLANG_WARN_BOOL_CONVERSION = YES;
				CLANG_WARN_COMMA = YES;
				CLANG_WARN_CONSTANT_CONVERSION = YES;
				CLANG_WARN_DEPRECATED_OBJC_IMPLEMENTATIONS = YES;
				CLANG_WARN_DIRECT_OBJC_ISA_USAGE = YES_ERROR;
				CLANG_WARN_DOCUMENTATION_COMMENTS = YES;
				CLANG_WARN_EMPTY_BODY = YES;
				CLANG_WARN_ENUM_CONVERSION = YES;
				CLANG_WARN_INFINITE_RECURSION = YES;
				CLANG_WARN_INT_CONVERSION = YES;
				CLANG_WARN_NON_LITERAL_NULL_CONVERSION = YES;
				CLANG_WARN_OBJC_IMPLICIT_RETAIN_SELF = YES;
				CLANG_WARN_OBJC_LITERAL_CONVERSION = YES;
				CLANG_WARN_OBJC_ROOT_CLASS = YES_ERROR;
				CLANG_WARN_QUOTED_INCLUDE_IN_FRAMEWORK_HEADER = YES;
				CLANG_WARN_RANGE_LOOP_ANALYSIS = YES;
				CLANG_WARN_STRICT_PROTOTYPES = YES;
				CLANG_WARN_SUSPICIOUS_MOVE = YES;
				CLANG_WARN_UNGUARDED_AVAILABILITY = YES_AGGRESSIVE;
				CLANG_WARN_UNREACHABLE_CODE = YES;
				CLANG_WARN__DUPLICATE_METHOD_MATCH = YES;
				COPY_PHASE_STRIP = NO;
				DEBUG_INFORMATION_FORMAT = "dwarf-with-dsym";
				ENABLE_NS_ASSERTIONS = NO;
				ENABLE_STRICT_OBJC_MSGSEND = YES;
				ENABLE_USER_SCRIPT_SANDBOXING = YES;
				GCC_C_LANGUAGE_STANDARD = gnu17;
				GCC_NO_COMMON_BLOCKS = YES;
				GCC_WARN_64_TO_32_BIT_CONVERSION = YES;
				GCC_WARN_ABOUT_RETURN_TYPE = YES_ERROR;
				GCC_WARN_UNDECLARED_SELECTOR = YES;
				GCC_WARN_UNINITIALIZED_AUTOS = YES_AGGRESSIVE;
				GCC_WARN_UNUSED_FUNCTION = YES;
				GCC_WARN_UNUSED_VARIABLE = YES;
				LOCALIZATION_PREFERS_STRING_CATALOGS = YES;
				MACOSX_DEPLOYMENT_TARGET = 14.5;
				MTL_ENABLE_DEBUG_INFO = NO;
				MTL_FAST_MATH = YES;
				SDKROOT = macosx;
				SWIFT_COMPILATION_MODE = wholemodule;
			};
			name = Release;
		};
		F4A9704F2CFFCC1200BA69AE /* Debug */ = {
			isa = XCBuildConfiguration;
			buildSettings = {
				ASSETCATALOG_COMPILER_APPICON_NAME = AppIcon;
				ASSETCATALOG_COMPILER_GLOBAL_ACCENT_COLOR_NAME = AccentColor;
				CODE_SIGN_ENTITLEMENTS = "Tuffy Trainer/Tuffy_Trainer.entitlements";
				CODE_SIGN_STYLE = Automatic;
				COMBINE_HIDPI_IMAGES = YES;
				CURRENT_PROJECT_VERSION = 1;
				DEVELOPMENT_TEAM = 2QW3V6PKL6;
				ENABLE_HARDENED_RUNTIME = YES;
				GENERATE_INFOPLIST_FILE = YES;
				INFOPLIST_KEY_NSHumanReadableCopyright = "";
				INFOPLIST_KEY_NSMainStoryboardFile = Main;
				INFOPLIST_KEY_NSPrincipalClass = NSApplication;
				LD_RUNPATH_SEARCH_PATHS = (
					"$(inherited)",
					"@executable_path/../Frameworks",
				);
				MARKETING_VERSION = 1.0;
				PRODUCT_BUNDLE_IDENTIFIER = "CPSC-411.Tuffy-Trainer";
				PRODUCT_NAME = "$(TARGET_NAME)";
				SWIFT_EMIT_LOC_STRINGS = YES;
				SWIFT_VERSION = 5.0;
			};
			name = Debug;
		};
		F4A970502CFFCC1200BA69AE /* Release */ = {
			isa = XCBuildConfiguration;
			buildSettings = {
				ASSETCATALOG_COMPILER_APPICON_NAME = AppIcon;
				ASSETCATALOG_COMPILER_GLOBAL_ACCENT_COLOR_NAME = AccentColor;
				CODE_SIGN_ENTITLEMENTS = "Tuffy Trainer/Tuffy_Trainer.entitlements";
				CODE_SIGN_STYLE = Automatic;
				COMBINE_HIDPI_IMAGES = YES;
				CURRENT_PROJECT_VERSION = 1;
				DEVELOPMENT_TEAM = 2QW3V6PKL6;
				ENABLE_HARDENED_RUNTIME = YES;
				GENERATE_INFOPLIST_FILE = YES;
				INFOPLIST_KEY_NSHumanReadableCopyright = "";
				INFOPLIST_KEY_NSMainStoryboardFile = Main;
				INFOPLIST_KEY_NSPrincipalClass = NSApplication;
				LD_RUNPATH_SEARCH_PATHS = (
					"$(inherited)",
					"@executable_path/../Frameworks",
				);
				MARKETING_VERSION = 1.0;
				PRODUCT_BUNDLE_IDENTIFIER = "CPSC-411.Tuffy-Trainer";
				PRODUCT_NAME = "$(TARGET_NAME)";
				SWIFT_EMIT_LOC_STRINGS = YES;
				SWIFT_VERSION = 5.0;
			};
			name = Release;
		};
		F4A970522CFFCC1200BA69AE /* Debug */ = {
			isa = XCBuildConfiguration;
			buildSettings = {
				ALWAYS_EMBED_SWIFT_STANDARD_LIBRARIES = YES;
				BUNDLE_LOADER = "$(TEST_HOST)";
				CODE_SIGN_STYLE = Automatic;
				CURRENT_PROJECT_VERSION = 1;
				DEVELOPMENT_TEAM = 2QW3V6PKL6;
				GENERATE_INFOPLIST_FILE = YES;
				MACOSX_DEPLOYMENT_TARGET = 14.5;
				MARKETING_VERSION = 1.0;
				PRODUCT_BUNDLE_IDENTIFIER = "CPSC-411.Tuffy-TrainerTests";
				PRODUCT_NAME = "$(TARGET_NAME)";
				SWIFT_EMIT_LOC_STRINGS = NO;
				SWIFT_VERSION = 5.0;
				TEST_HOST = "$(BUILT_PRODUCTS_DIR)/Tuffy Trainer.app/$(BUNDLE_EXECUTABLE_FOLDER_PATH)/Tuffy Trainer";
			};
			name = Debug;
		};
		F4A970532CFFCC1200BA69AE /* Release */ = {
			isa = XCBuildConfiguration;
			buildSettings = {
				ALWAYS_EMBED_SWIFT_STANDARD_LIBRARIES = YES;
				BUNDLE_LOADER = "$(TEST_HOST)";
				CODE_SIGN_STYLE = Automatic;
				CURRENT_PROJECT_VERSION = 1;
				DEVELOPMENT_TEAM = 2QW3V6PKL6;
				GENERATE_INFOPLIST_FILE = YES;
				MACOSX_DEPLOYMENT_TARGET = 14.5;
				MARKETING_VERSION = 1.0;
				PRODUCT_BUNDLE_IDENTIFIER = "CPSC-411.Tuffy-TrainerTests";
				PRODUCT_NAME = "$(TARGET_NAME)";
				SWIFT_EMIT_LOC_STRINGS = NO;
				SWIFT_VERSION = 5.0;
				TEST_HOST = "$(BUILT_PRODUCTS_DIR)/Tuffy Trainer.app/$(BUNDLE_EXECUTABLE_FOLDER_PATH)/Tuffy Trainer";
			};
			name = Release;
		};
		F4A970552CFFCC1200BA69AE /* Debug */ = {
			isa = XCBuildConfiguration;
			buildSettings = {
				ALWAYS_EMBED_SWIFT_STANDARD_LIBRARIES = YES;
				CODE_SIGN_STYLE = Automatic;
				CURRENT_PROJECT_VERSION = 1;
				DEVELOPMENT_TEAM = 2QW3V6PKL6;
				GENERATE_INFOPLIST_FILE = YES;
				MARKETING_VERSION = 1.0;
				PRODUCT_BUNDLE_IDENTIFIER = "CPSC-411.Tuffy-TrainerUITests";
				PRODUCT_NAME = "$(TARGET_NAME)";
				SWIFT_EMIT_LOC_STRINGS = NO;
				SWIFT_VERSION = 5.0;
				TEST_TARGET_NAME = "Tuffy Trainer";
			};
			name = Debug;
		};
		F4A970562CFFCC1200BA69AE /* Release */ = {
			isa = XCBuildConfiguration;
			buildSettings = {
				ALWAYS_EMBED_SWIFT_STANDARD_LIBRARIES = YES;
				CODE_SIGN_STYLE = Automatic;
				CURRENT_PROJECT_VERSION = 1;
				DEVELOPMENT_TEAM = 2QW3V6PKL6;
				GENERATE_INFOPLIST_FILE = YES;
				MARKETING_VERSION = 1.0;
				PRODUCT_BUNDLE_IDENTIFIER = "CPSC-411.Tuffy-TrainerUITests";
				PRODUCT_NAME = "$(TARGET_NAME)";
				SWIFT_EMIT_LOC_STRINGS = NO;
				SWIFT_VERSION = 5.0;
				TEST_TARGET_NAME = "Tuffy Trainer";
			};
			name = Release;
		};
/* End XCBuildConfiguration section */

/* Begin XCConfigurationList section */
		F4A970242CFFCC1000BA69AE /* Build configuration list for PBXProject "Tuffy Trainer" */ = {
			isa = XCConfigurationList;
			buildConfigurations = (
				F4A9704C2CFFCC1200BA69AE /* Debug */,
				F4A9704D2CFFCC1200BA69AE /* Release */,
			);
			defaultConfigurationIsVisible = 0;
			defaultConfigurationName = Release;
		};
		F4A9704E2CFFCC1200BA69AE /* Build configuration list for PBXNativeTarget "Tuffy Trainer" */ = {
			isa = XCConfigurationList;
			buildConfigurations = (
				F4A9704F2CFFCC1200BA69AE /* Debug */,
				F4A970502CFFCC1200BA69AE /* Release */,
			);
			defaultConfigurationIsVisible = 0;
			defaultConfigurationName = Release;
		};
		F4A970512CFFCC1200BA69AE /* Build configuration list for PBXNativeTarget "Tuffy TrainerTests" */ = {
			isa = XCConfigurationList;
			buildConfigurations = (
				F4A970522CFFCC1200BA69AE /* Debug */,
				F4A970532CFFCC1200BA69AE /* Release */,
			);
			defaultConfigurationIsVisible = 0;
			defaultConfigurationName = Release;
		};
		F4A970542CFFCC1200BA69AE /* Build configuration list for PBXNativeTarget "Tuffy TrainerUITests" */ = {
			isa = XCConfigurationList;
			buildConfigurations = (
				F4A970552CFFCC1200BA69AE /* Debug */,
				F4A970562CFFCC1200BA69AE /* Release */,
			);
			defaultConfigurationIsVisible = 0;
			defaultConfigurationName = Release;
		};
/* End XCConfigurationList section */
	};
	rootObject = F4A970212CFFCC1000BA69AE /* Project object */;
}
